
Microsoft Visual Studio Solution File, Format Version 12.00
# Visual Studio 2013
VisualStudioVersion = 12.0.21005.1
MinimumVisualStudioVersion = 10.0.40219.1
Project("{2150E333-8FDC-42A3-9474-1A3956D46DE8}") = "Samples_For_Aroma", "Samples_For_Aroma", "{5FD063AA-EA03-4D22-A637-32ADDDCCA545}"
EndProject
Project("{2150E333-8FDC-42A3-9474-1A3956D46DE8}") = "Sample1", "Sample1", "{96BE9FAF-46A4-42B2-B066-B1671D3B6B5C}"
EndProject
Project("{FAE04EC0-301F-11D3-BF4B-00C04F79EFBC}") = "MyApplication.DTO", "MyApplication.DTO\MyApplication.DTO.csproj", "{D50A57B3-4416-4BED-BDBC-4701AB1147BF}"
EndProject
Project("{FAE04EC0-301F-11D3-BF4B-00C04F79EFBC}") = "MyApplication.Entity", "MyApplication.Entity\MyApplication.Entity.csproj", "{51EAA24C-A814-411D-A281-F7EBD1E886B8}"
EndProject
Project("{FAE04EC0-301F-11D3-BF4B-00C04F79EFBC}") = "MyApplication.Service", "MyApplication.Service\MyApplication.Service.csproj", "{8FF55BDA-00C6-4C6F-A23E-C2FFAA57A2E7}"
EndProject
Project("{FAE04EC0-301F-11D3-BF4B-00C04F79EFBC}") = "MyApplication.WebAPI", "MyApplication.WebAPI\MyApplication.WebAPI.csproj", "{838DA4A6-13A3-4248-8759-2AB29D709070}"
EndProject
Project("{FAE04EC0-301F-11D3-BF4B-00C04F79EFBC}") = "MyApplication.Console", "MyApplication.Console\MyApplication.Console.csproj", "{CA5E25F3-FD68-4442-94AE-5A598C90A01C}"
EndProject
Project("{2150E333-8FDC-42A3-9474-1A3956D46DE8}") = "Sample2", "Sample2", "{D8FDACED-FFC4-4743-B376-E59B0B4852E1}"
EndProject
Project("{FAE04EC0-301F-11D3-BF4B-00C04F79EFBC}") = "AngularJS_DI", "AngularJS_DI\AngularJS_DI.csproj", "{C77D4037-A0B0-4B95-8006-F0EC1D2896E2}"
EndProject
Global
	GlobalSection(SolutionConfigurationPlatforms) = preSolution
		Debug|Any CPU = Debug|Any CPU
		Release|Any CPU = Release|Any CPU
	EndGlobalSection
	GlobalSection(ProjectConfigurationPlatforms) = postSolution
		{D50A57B3-4416-4BED-BDBC-4701AB1147BF}.Debug|Any CPU.ActiveCfg = Debug|Any CPU
		{D50A57B3-4416-4BED-BDBC-4701AB1147BF}.Debug|Any CPU.Build.0 = Debug|Any CPU
		{D50A57B3-4416-4BED-BDBC-4701AB1147BF}.Release|Any CPU.ActiveCfg = Release|Any CPU
		{D50A57B3-4416-4BED-BDBC-4701AB1147BF}.Release|Any CPU.Build.0 = Release|Any CPU
		{51EAA24C-A814-411D-A281-F7EBD1E886B8}.Debug|Any CPU.ActiveCfg = Debug|Any CPU
		{51EAA24C-A814-411D-A281-F7EBD1E886B8}.Debug|Any CPU.Build.0 = Debug|Any CPU
		{51EAA24C-A814-411D-A281-F7EBD1E886B8}.Release|Any CPU.ActiveCfg = Release|Any CPU
		{51EAA24C-A814-411D-A281-F7EBD1E886B8}.Release|Any CPU.Build.0 = Release|Any CPU
		{8FF55BDA-00C6-4C6F-A23E-C2FFAA57A2E7}.Debug|Any CPU.ActiveCfg = Debug|Any CPU
		{8FF55BDA-00C6-4C6F-A23E-C2FFAA57A2E7}.Debug|Any CPU.Build.0 = Debug|Any CPU
		{8FF55BDA-00C6-4C6F-A23E-C2FFAA57A2E7}.Release|Any CPU.ActiveCfg = Release|Any CPU
		{8FF55BDA-00C6-4C6F-A23E-C2FFAA57A2E7}.Release|Any CPU.Build.0 = Release|Any CPU
		{838DA4A6-13A3-4248-8759-2AB29D709070}.Debug|Any CPU.ActiveCfg = Debug|Any CPU
		{838DA4A6-13A3-4248-8759-2AB29D709070}.Debug|Any CPU.Build.0 = Debug|Any CPU
		{838DA4A6-13A3-4248-8759-2AB29D709070}.Release|Any CPU.ActiveCfg = Release|Any CPU
		{838DA4A6-13A3-4248-8759-2AB29D709070}.Release|Any CPU.Build.0 = Release|Any CPU
		{CA5E25F3-FD68-4442-94AE-5A598C90A01C}.Debug|Any CPU.ActiveCfg = Debug|Any CPU
		{CA5E25F3-FD68-4442-94AE-5A598C90A01C}.Debug|Any CPU.Build.0 = Debug|Any CPU
		{CA5E25F3-FD68-4442-94AE-5A598C90A01C}.Release|Any CPU.ActiveCfg = Release|Any CPU
		{CA5E25F3-FD68-4442-94AE-5A598C90A01C}.Release|Any CPU.Build.0 = Release|Any CPU
		{C77D4037-A0B0-4B95-8006-F0EC1D2896E2}.Debug|Any CPU.ActiveCfg = Debug|Any CPU
		{C77D4037-A0B0-4B95-8006-F0EC1D2896E2}.Debug|Any CPU.Build.0 = Debug|Any CPU
		{C77D4037-A0B0-4B95-8006-F0EC1D2896E2}.Release|Any CPU.ActiveCfg = Release|Any CPU
		{C77D4037-A0B0-4B95-8006-F0EC1D2896E2}.Release|Any CPU.Build.0 = Release|Any CPU
	EndGlobalSection
	GlobalSection(SolutionProperties) = preSolution
		HideSolutionNode = FALSE
	EndGlobalSection
	GlobalSection(NestedProjects) = preSolution
		{96BE9FAF-46A4-42B2-B066-B1671D3B6B5C} = {5FD063AA-EA03-4D22-A637-32ADDDCCA545}
		{D8FDACED-FFC4-4743-B376-E59B0B4852E1} = {5FD063AA-EA03-4D22-A637-32ADDDCCA545}
		{D50A57B3-4416-4BED-BDBC-4701AB1147BF} = {96BE9FAF-46A4-42B2-B066-B1671D3B6B5C}
		{51EAA24C-A814-411D-A281-F7EBD1E886B8} = {96BE9FAF-46A4-42B2-B066-B1671D3B6B5C}
		{8FF55BDA-00C6-4C6F-A23E-C2FFAA57A2E7} = {96BE9FAF-46A4-42B2-B066-B1671D3B6B5C}
		{838DA4A6-13A3-4248-8759-2AB29D709070} = {96BE9FAF-46A4-42B2-B066-B1671D3B6B5C}
		{CA5E25F3-FD68-4442-94AE-5A598C90A01C} = {96BE9FAF-46A4-42B2-B066-B1671D3B6B5C}
		{C77D4037-A0B0-4B95-8006-F0EC1D2896E2} = {D8FDACED-FFC4-4743-B376-E59B0B4852E1}
	EndGlobalSection
EndGlobal
